PODS:
  - Alamofire (4.9.1)
  - ErrorHandler (0.8.2):
    - ErrorHandler/Core (= 0.8.2)
  - ErrorHandler/Alamofire (0.8.2):
    - Alamofire (~> 4.1)
    - ErrorHandler/Core
  - ErrorHandler/Core (0.8.2)

DEPENDENCIES:
  - ErrorHandler (from `../`)
  - ErrorHandler/Alamofire (from `../`)

SPEC REPOS:
  https://github.com/CocoaPods/Specs.git:
    - Alamofire

EXTERNAL SOURCES:
  ErrorHandler:
    :path: "../"

SPEC CHECKSUMS:
  Alamofire: 85e8a02c69d6020a0d734f6054870d7ecb75cf18
  ErrorHandler: 5184ce9905c80d20810cc1abcf2ebc3ea3d56021

PODFILE CHECKSUM: 8e328fdbad084717f3c5a8e2ce8f3f3671d29c67

COCOAPODS: 1.8.3
